#################################################
# TOP ENTITY
#################################################

set_global_assignment -name TOP_LEVEL_ENTITY fpga_top

#################################################
# ENABLE SYSTEMVERILOG
#################################################

set_global_assignment -name VERILOG_INPUT_VERSION SYSTEMVERILOG_2005